
Microsoft Visual Studio Solution File, Format Version 12.00
# Visual Studio 15
VisualStudioVersion = 15.0.26228.4
MinimumVisualStudioVersion = 10.0.40219.1
Project("{FAE04EC0-301F-11D3-BF4B-00C04F79EFBC}") = "Cats.Android", "Cats\Cats.Android\Cats.Android.csproj", "{346FAB52-4BCF-49C8-98E1-24150408F500}"
EndProject
Project("{FAE04EC0-301F-11D3-BF4B-00C04F79EFBC}") = "Cats", "Cats\Cats\Cats.csproj", "{EE3FBA8F-EC2B-4362-820E-1A06DE7FB2B0}"
EndProject
Project("{FAE04EC0-301F-11D3-BF4B-00C04F79EFBC}") = "Cats.UWP", "Cats\Cats.UWP\Cats.UWP.csproj", "{5D296689-B4AA-4A7F-A933-4F3311C76B25}"
EndProject
Project("{FAE04EC0-301F-11D3-BF4B-00C04F79EFBC}") = "Cats.iOS", "Cats\Cats.iOS\Cats.iOS.csproj", "{71E754C2-9D17-4A6C-8E64-1B3227DBB612}"
EndProject
Global
	GlobalSection(SolutionConfigurationPlatforms) = preSolution
		Ad-Hoc|Any CPU = Ad-Hoc|Any CPU
		Ad-Hoc|ARM = Ad-Hoc|ARM
		Ad-Hoc|iPhone = Ad-Hoc|iPhone
		Ad-Hoc|iPhoneSimulator = Ad-Hoc|iPhoneSimulator
		Ad-Hoc|x64 = Ad-Hoc|x64
		Ad-Hoc|x86 = Ad-Hoc|x86
		AppStore|Any CPU = AppStore|Any CPU
		AppStore|ARM = AppStore|ARM
		AppStore|iPhone = AppStore|iPhone
		AppStore|iPhoneSimulator = AppStore|iPhoneSimulator
		AppStore|x64 = AppStore|x64
		AppStore|x86 = AppStore|x86
		Debug|Any CPU = Debug|Any CPU
		Debug|ARM = Debug|ARM
		Debug|iPhone = Debug|iPhone
		Debug|iPhoneSimulator = Debug|iPhoneSimulator
		Debug|x64 = Debug|x64
		Debug|x86 = Debug|x86
		Release|Any CPU = Release|Any CPU
		Release|ARM = Release|ARM
		Release|iPhone = Release|iPhone
		Release|iPhoneSimulator = Release|iPhoneSimulator
		Release|x64 = Release|x64
		Release|x86 = Release|x86
	EndGlobalSection
	GlobalSection(ProjectConfigurationPlatforms) = postSolution
		{346FAB52-4BCF-49C8-98E1-24150408F500}.Ad-Hoc|Any CPU.ActiveCfg = Release|Any CPU
		{346FAB52-4BCF-49C8-98E1-24150408F500}.Ad-Hoc|Any CPU.Build.0 = Release|Any CPU
		{346FAB52-4BCF-49C8-98E1-24150408F500}.Ad-Hoc|Any CPU.Deploy.0 = Release|Any CPU
		{346FAB52-4BCF-49C8-98E1-24150408F500}.Ad-Hoc|ARM.ActiveCfg = Release|Any CPU
		{346FAB52-4BCF-49C8-98E1-24150408F500}.Ad-Hoc|ARM.Build.0 = Release|Any CPU
		{346FAB52-4BCF-49C8-98E1-24150408F500}.Ad-Hoc|ARM.Deploy.0 = Release|Any CPU
		{346FAB52-4BCF-49C8-98E1-24150408F500}.Ad-Hoc|iPhone.ActiveCfg = Release|Any CPU
		{346FAB52-4BCF-49C8-98E1-24150408F500}.Ad-Hoc|iPhone.Build.0 = Release|Any CPU
		{346FAB52-4BCF-49C8-98E1-24150408F500}.Ad-Hoc|iPhone.Deploy.0 = Release|Any CPU
		{346FAB52-4BCF-49C8-98E1-24150408F500}.Ad-Hoc|iPhoneSimulator.ActiveCfg = Release|Any CPU
		{346FAB52-4BCF-49C8-98E1-24150408F500}.Ad-Hoc|iPhoneSimulator.Build.0 = Release|Any CPU
		{346FAB52-4BCF-49C8-98E1-24150408F500}.Ad-Hoc|iPhoneSimulator.Deploy.0 = Release|Any CPU
		{346FAB52-4BCF-49C8-98E1-24150408F500}.Ad-Hoc|x64.ActiveCfg = Release|Any CPU
		{346FAB52-4BCF-49C8-98E1-24150408F500}.Ad-Hoc|x64.Build.0 = Release|Any CPU
		{346FAB52-4BCF-49C8-98E1-24150408F500}.Ad-Hoc|x64.Deploy.0 = Release|Any CPU
		{346FAB52-4BCF-49C8-98E1-24150408F500}.Ad-Hoc|x86.ActiveCfg = Release|Any CPU
		{346FAB52-4BCF-49C8-98E1-24150408F500}.Ad-Hoc|x86.Build.0 = Release|Any CPU
		{346FAB52-4BCF-49C8-98E1-24150408F500}.Ad-Hoc|x86.Deploy.0 = Release|Any CPU
		{346FAB52-4BCF-49C8-98E1-24150408F500}.AppStore|Any CPU.ActiveCfg = Release|Any CPU
		{346FAB52-4BCF-49C8-98E1-24150408F500}.AppStore|Any CPU.Build.0 = Release|Any CPU
		{346FAB52-4BCF-49C8-98E1-24150408F500}.AppStore|Any CPU.Deploy.0 = Release|Any CPU
		{346FAB52-4BCF-49C8-98E1-24150408F500}.AppStore|ARM.ActiveCfg = Release|Any CPU
		{346FAB52-4BCF-49C8-98E1-24150408F500}.AppStore|ARM.Build.0 = Release|Any CPU
		{346FAB52-4BCF-49C8-98E1-24150408F500}.AppStore|ARM.Deploy.0 = Release|Any CPU
		{346FAB52-4BCF-49C8-98E1-24150408F500}.AppStore|iPhone.ActiveCfg = Release|Any CPU
		{346FAB52-4BCF-49C8-98E1-24150408F500}.AppStore|iPhone.Build.0 = Release|Any CPU
		{346FAB52-4BCF-49C8-98E1-24150408F500}.AppStore|iPhone.Deploy.0 = Release|Any CPU
		{346FAB52-4BCF-49C8-98E1-24150408F500}.AppStore|iPhoneSimulator.ActiveCfg = Release|Any CPU
		{346FAB52-4BCF-49C8-98E1-24150408F500}.AppStore|iPhoneSimulator.Build.0 = Release|Any CPU
		{346FAB52-4BCF-49C8-98E1-24150408F500}.AppStore|iPhoneSimulator.Deploy.0 = Release|Any CPU
		{346FAB52-4BCF-49C8-98E1-24150408F500}.AppStore|x64.ActiveCfg = Release|Any CPU
		{346FAB52-4BCF-49C8-98E1-24150408F500}.AppStore|x64.Build.0 = Release|Any CPU
		{346FAB52-4BCF-49C8-98E1-24150408F500}.AppStore|x64.Deploy.0 = Release|Any CPU
		{346FAB52-4BCF-49C8-98E1-24150408F500}.AppStore|x86.ActiveCfg = Release|Any CPU
		{346FAB52-4BCF-49C8-98E1-24150408F500}.AppStore|x86.Build.0 = Release|Any CPU
		{346FAB52-4BCF-49C8-98E1-24150408F500}.AppStore|x86.Deploy.0 = Release|Any CPU
		{346FAB52-4BCF-49C8-98E1-24150408F500}.Debug|Any CPU.ActiveCfg = Debug|Any CPU
		{346FAB52-4BCF-49C8-98E1-24150408F500}.Debug|Any CPU.Build.0 = Debug|Any CPU
		{346FAB52-4BCF-49C8-98E1-24150408F500}.Debug|Any CPU.Deploy.0 = Debug|Any CPU
		{346FAB52-4BCF-49C8-98E1-24150408F500}.Debug|ARM.ActiveCfg = Debug|Any CPU
		{346FAB52-4BCF-49C8-98E1-24150408F500}.Debug|ARM.Build.0 = Debug|Any CPU
		{346FAB52-4BCF-49C8-98E1-24150408F500}.Debug|ARM.Deploy.0 = Debug|Any CPU
		{346FAB52-4BCF-49C8-98E1-24150408F500}.Debug|iPhone.ActiveCfg = Debug|Any CPU
		{346FAB52-4BCF-49C8-98E1-24150408F500}.Debug|iPhone.Build.0 = Debug|Any CPU
		{346FAB52-4BCF-49C8-98E1-24150408F500}.Debug|iPhone.Deploy.0 = Debug|Any CPU
		{346FAB52-4BCF-49C8-98E1-24150408F500}.Debug|iPhoneSimulator.ActiveCfg = Debug|Any CPU
		{346FAB52-4BCF-49C8-98E1-24150408F500}.Debug|iPhoneSimulator.Build.0 = Debug|Any CPU
		{346FAB52-4BCF-49C8-98E1-24150408F500}.Debug|iPhoneSimulator.Deploy.0 = Debug|Any CPU
		{346FAB52-4BCF-49C8-98E1-24150408F500}.Debug|x64.ActiveCfg = Debug|Any CPU
		{346FAB52-4BCF-49C8-98E1-24150408F500}.Debug|x64.Build.0 = Debug|Any CPU
		{346FAB52-4BCF-49C8-98E1-24150408F500}.Debug|x64.Deploy.0 = Debug|Any CPU
		{346FAB52-4BCF-49C8-98E1-24150408F500}.Debug|x86.ActiveCfg = Debug|Any CPU
		{346FAB52-4BCF-49C8-98E1-24150408F500}.Debug|x86.Build.0 = Debug|Any CPU
		{346FAB52-4BCF-49C8-98E1-24150408F500}.Debug|x86.Deploy.0 = Debug|Any CPU
		{346FAB52-4BCF-49C8-98E1-24150408F500}.Release|Any CPU.ActiveCfg = Release|Any CPU
		{346FAB52-4BCF-49C8-98E1-24150408F500}.Release|Any CPU.Build.0 = Release|Any CPU
		{346FAB52-4BCF-49C8-98E1-24150408F500}.Release|Any CPU.Deploy.0 = Release|Any CPU
		{346FAB52-4BCF-49C8-98E1-24150408F500}.Release|ARM.ActiveCfg = Release|Any CPU
		{346FAB52-4BCF-49C8-98E1-24150408F500}.Release|ARM.Build.0 = Release|Any CPU
		{346FAB52-4BCF-49C8-98E1-24150408F500}.Release|ARM.Deploy.0 = Release|Any CPU
		{346FAB52-4BCF-49C8-98E1-24150408F500}.Release|iPhone.ActiveCfg = Release|Any CPU
		{346FAB52-4BCF-49C8-98E1-24150408F500}.Release|iPhone.Build.0 = Release|Any CPU
		{346FAB52-4BCF-49C8-98E1-24150408F500}.Release|iPhone.Deploy.0 = Release|Any CPU
		{346FAB52-4BCF-49C8-98E1-24150408F500}.Release|iPhoneSimulator.ActiveCfg = Release|Any CPU
		{346FAB52-4BCF-49C8-98E1-24150408F500}.Release|iPhoneSimulator.Build.0 = Release|Any CPU
		{346FAB52-4BCF-49C8-98E1-24150408F500}.Release|iPhoneSimulator.Deploy.0 = Release|Any CPU
		{346FAB52-4BCF-49C8-98E1-24150408F500}.Release|x64.ActiveCfg = Release|Any CPU
		{346FAB52-4BCF-49C8-98E1-24150408F500}.Release|x64.Build.0 = Release|Any CPU
		{346FAB52-4BCF-49C8-98E1-24150408F500}.Release|x64.Deploy.0 = Release|Any CPU
		{346FAB52-4BCF-49C8-98E1-24150408F500}.Release|x86.ActiveCfg = Release|Any CPU
		{346FAB52-4BCF-49C8-98E1-24150408F500}.Release|x86.Build.0 = Release|Any CPU
		{346FAB52-4BCF-49C8-98E1-24150408F500}.Release|x86.Deploy.0 = Release|Any CPU
		{EE3FBA8F-EC2B-4362-820E-1A06DE7FB2B0}.Ad-Hoc|Any CPU.ActiveCfg = Release|Any CPU
		{EE3FBA8F-EC2B-4362-820E-1A06DE7FB2B0}.Ad-Hoc|Any CPU.Build.0 = Release|Any CPU
		{EE3FBA8F-EC2B-4362-820E-1A06DE7FB2B0}.Ad-Hoc|ARM.ActiveCfg = Release|Any CPU
		{EE3FBA8F-EC2B-4362-820E-1A06DE7FB2B0}.Ad-Hoc|ARM.Build.0 = Release|Any CPU
		{EE3FBA8F-EC2B-4362-820E-1A06DE7FB2B0}.Ad-Hoc|iPhone.ActiveCfg = Release|Any CPU
		{EE3FBA8F-EC2B-4362-820E-1A06DE7FB2B0}.Ad-Hoc|iPhone.Build.0 = Release|Any CPU
		{EE3FBA8F-EC2B-4362-820E-1A06DE7FB2B0}.Ad-Hoc|iPhoneSimulator.ActiveCfg = Release|Any CPU
		{EE3FBA8F-EC2B-4362-820E-1A06DE7FB2B0}.Ad-Hoc|iPhoneSimulator.Build.0 = Release|Any CPU
		{EE3FBA8F-EC2B-4362-820E-1A06DE7FB2B0}.Ad-Hoc|x64.ActiveCfg = Release|Any CPU
		{EE3FBA8F-EC2B-4362-820E-1A06DE7FB2B0}.Ad-Hoc|x64.Build.0 = Release|Any CPU
		{EE3FBA8F-EC2B-4362-820E-1A06DE7FB2B0}.Ad-Hoc|x86.ActiveCfg = Release|Any CPU
		{EE3FBA8F-EC2B-4362-820E-1A06DE7FB2B0}.Ad-Hoc|x86.Build.0 = Release|Any CPU
		{EE3FBA8F-EC2B-4362-820E-1A06DE7FB2B0}.AppStore|Any CPU.ActiveCfg = Release|Any CPU
		{EE3FBA8F-EC2B-4362-820E-1A06DE7FB2B0}.AppStore|Any CPU.Build.0 = Release|Any CPU
		{EE3FBA8F-EC2B-4362-820E-1A06DE7FB2B0}.AppStore|ARM.ActiveCfg = Release|Any CPU
		{EE3FBA8F-EC2B-4362-820E-1A06DE7FB2B0}.AppStore|ARM.Build.0 = Release|Any CPU
		{EE3FBA8F-EC2B-4362-820E-1A06DE7FB2B0}.AppStore|iPhone.ActiveCfg = Release|Any CPU
		{EE3FBA8F-EC2B-4362-820E-1A06DE7FB2B0}.AppStore|iPhone.Build.0 = Release|Any CPU
		{EE3FBA8F-EC2B-4362-820E-1A06DE7FB2B0}.AppStore|iPhoneSimulator.ActiveCfg = Release|Any CPU
		{EE3FBA8F-EC2B-4362-820E-1A06DE7FB2B0}.AppStore|iPhoneSimulator.Build.0 = Release|Any CPU
		{EE3FBA8F-EC2B-4362-820E-1A06DE7FB2B0}.AppStore|x64.ActiveCfg = Release|Any CPU
		{EE3FBA8F-EC2B-4362-820E-1A06DE7FB2B0}.AppStore|x64.Build.0 = Release|Any CPU
		{EE3FBA8F-EC2B-4362-820E-1A06DE7FB2B0}.AppStore|x86.ActiveCfg = Release|Any CPU
		{EE3FBA8F-EC2B-4362-820E-1A06DE7FB2B0}.AppStore|x86.Build.0 = Release|Any CPU
		{EE3FBA8F-EC2B-4362-820E-1A06DE7FB2B0}.Debug|Any CPU.ActiveCfg = Debug|Any CPU
		{EE3FBA8F-EC2B-4362-820E-1A06DE7FB2B0}.Debug|Any CPU.Build.0 = Debug|Any CPU
		{EE3FBA8F-EC2B-4362-820E-1A06DE7FB2B0}.Debug|ARM.ActiveCfg = Debug|Any CPU
		{EE3FBA8F-EC2B-4362-820E-1A06DE7FB2B0}.Debug|ARM.Build.0 = Debug|Any CPU
		{EE3FBA8F-EC2B-4362-820E-1A06DE7FB2B0}.Debug|iPhone.ActiveCfg = Debug|Any CPU
		{EE3FBA8F-EC2B-4362-820E-1A06DE7FB2B0}.Debug|iPhone.Build.0 = Debug|Any CPU
		{EE3FBA8F-EC2B-4362-820E-1A06DE7FB2B0}.Debug|iPhoneSimulator.ActiveCfg = Debug|Any CPU
		{EE3FBA8F-EC2B-4362-820E-1A06DE7FB2B0}.Debug|iPhoneSimulator.Build.0 = Debug|Any CPU
		{EE3FBA8F-EC2B-4362-820E-1A06DE7FB2B0}.Debug|x64.ActiveCfg = Debug|Any CPU
		{EE3FBA8F-EC2B-4362-820E-1A06DE7FB2B0}.Debug|x64.Build.0 = Debug|Any CPU
		{EE3FBA8F-EC2B-4362-820E-1A06DE7FB2B0}.Debug|x86.ActiveCfg = Debug|Any CPU
		{EE3FBA8F-EC2B-4362-820E-1A06DE7FB2B0}.Debug|x86.Build.0 = Debug|Any CPU
		{EE3FBA8F-EC2B-4362-820E-1A06DE7FB2B0}.Release|Any CPU.ActiveCfg = Release|Any CPU
		{EE3FBA8F-EC2B-4362-820E-1A06DE7FB2B0}.Release|Any CPU.Build.0 = Release|Any CPU
		{EE3FBA8F-EC2B-4362-820E-1A06DE7FB2B0}.Release|ARM.ActiveCfg = Release|Any CPU
		{EE3FBA8F-EC2B-4362-820E-1A06DE7FB2B0}.Release|ARM.Build.0 = Release|Any CPU
		{EE3FBA8F-EC2B-4362-820E-1A06DE7FB2B0}.Release|iPhone.ActiveCfg = Release|Any CPU
		{EE3FBA8F-EC2B-4362-820E-1A06DE7FB2B0}.Release|iPhone.Build.0 = Release|Any CPU
		{EE3FBA8F-EC2B-4362-820E-1A06DE7FB2B0}.Release|iPhoneSimulator.ActiveCfg = Release|Any CPU
		{EE3FBA8F-EC2B-4362-820E-1A06DE7FB2B0}.Release|iPhoneSimulator.Build.0 = Release|Any CPU
		{EE3FBA8F-EC2B-4362-820E-1A06DE7FB2B0}.Release|x64.ActiveCfg = Release|Any CPU
		{EE3FBA8F-EC2B-4362-820E-1A06DE7FB2B0}.Release|x64.Build.0 = Release|Any CPU
		{EE3FBA8F-EC2B-4362-820E-1A06DE7FB2B0}.Release|x86.ActiveCfg = Release|Any CPU
		{EE3FBA8F-EC2B-4362-820E-1A06DE7FB2B0}.Release|x86.Build.0 = Release|Any CPU
		{5D296689-B4AA-4A7F-A933-4F3311C76B25}.Ad-Hoc|Any CPU.ActiveCfg = Release|x86
		{5D296689-B4AA-4A7F-A933-4F3311C76B25}.Ad-Hoc|Any CPU.Build.0 = Release|x86
		{5D296689-B4AA-4A7F-A933-4F3311C76B25}.Ad-Hoc|Any CPU.Deploy.0 = Release|x86
		{5D296689-B4AA-4A7F-A933-4F3311C76B25}.Ad-Hoc|ARM.ActiveCfg = Release|ARM
		{5D296689-B4AA-4A7F-A933-4F3311C76B25}.Ad-Hoc|ARM.Build.0 = Release|ARM
		{5D296689-B4AA-4A7F-A933-4F3311C76B25}.Ad-Hoc|ARM.Deploy.0 = Release|ARM
		{5D296689-B4AA-4A7F-A933-4F3311C76B25}.Ad-Hoc|iPhone.ActiveCfg = Release|x86
		{5D296689-B4AA-4A7F-A933-4F3311C76B25}.Ad-Hoc|iPhone.Build.0 = Release|x86
		{5D296689-B4AA-4A7F-A933-4F3311C76B25}.Ad-Hoc|iPhone.Deploy.0 = Release|x86
		{5D296689-B4AA-4A7F-A933-4F3311C76B25}.Ad-Hoc|iPhoneSimulator.ActiveCfg = Release|x86
		{5D296689-B4AA-4A7F-A933-4F3311C76B25}.Ad-Hoc|iPhoneSimulator.Build.0 = Release|x86
		{5D296689-B4AA-4A7F-A933-4F3311C76B25}.Ad-Hoc|iPhoneSimulator.Deploy.0 = Release|x86
		{5D296689-B4AA-4A7F-A933-4F3311C76B25}.Ad-Hoc|x64.ActiveCfg = Release|x64
		{5D296689-B4AA-4A7F-A933-4F3311C76B25}.Ad-Hoc|x64.Build.0 = Release|x64
		{5D296689-B4AA-4A7F-A933-4F3311C76B25}.Ad-Hoc|x64.Deploy.0 = Release|x64
		{5D296689-B4AA-4A7F-A933-4F3311C76B25}.Ad-Hoc|x86.ActiveCfg = Release|x86
		{5D296689-B4AA-4A7F-A933-4F3311C76B25}.Ad-Hoc|x86.Build.0 = Release|x86
		{5D296689-B4AA-4A7F-A933-4F3311C76B25}.Ad-Hoc|x86.Deploy.0 = Release|x86
		{5D296689-B4AA-4A7F-A933-4F3311C76B25}.AppStore|Any CPU.ActiveCfg = Release|x86
		{5D296689-B4AA-4A7F-A933-4F3311C76B25}.AppStore|Any CPU.Build.0 = Release|x86
		{5D296689-B4AA-4A7F-A933-4F3311C76B25}.AppStore|Any CPU.Deploy.0 = Release|x86
		{5D296689-B4AA-4A7F-A933-4F3311C76B25}.AppStore|ARM.ActiveCfg = Release|ARM
		{5D296689-B4AA-4A7F-A933-4F3311C76B25}.AppStore|ARM.Build.0 = Release|ARM
		{5D296689-B4AA-4A7F-A933-4F3311C76B25}.AppStore|ARM.Deploy.0 = Release|ARM
		{5D296689-B4AA-4A7F-A933-4F3311C76B25}.AppStore|iPhone.ActiveCfg = Release|x86
		{5D296689-B4AA-4A7F-A933-4F3311C76B25}.AppStore|iPhone.Build.0 = Release|x86
		{5D296689-B4AA-4A7F-A933-4F3311C76B25}.AppStore|iPhone.Deploy.0 = Release|x86
		{5D296689-B4AA-4A7F-A933-4F3311C76B25}.AppStore|iPhoneSimulator.ActiveCfg = Release|x86
		{5D296689-B4AA-4A7F-A933-4F3311C76B25}.AppStore|iPhoneSimulator.Build.0 = Release|x86
		{5D296689-B4AA-4A7F-A933-4F3311C76B25}.AppStore|iPhoneSimulator.Deploy.0 = Release|x86
		{5D296689-B4AA-4A7F-A933-4F3311C76B25}.AppStore|x64.ActiveCfg = Release|x64
		{5D296689-B4AA-4A7F-A933-4F3311C76B25}.AppStore|x64.Build.0 = Release|x64
		{5D296689-B4AA-4A7F-A933-4F3311C76B25}.AppStore|x64.Deploy.0 = Release|x64
		{5D296689-B4AA-4A7F-A933-4F3311C76B25}.AppStore|x86.ActiveCfg = Release|x86
		{5D296689-B4AA-4A7F-A933-4F3311C76B25}.AppStore|x86.Build.0 = Release|x86
		{5D296689-B4AA-4A7F-A933-4F3311C76B25}.AppStore|x86.Deploy.0 = Release|x86
		{5D296689-B4AA-4A7F-A933-4F3311C76B25}.Debug|Any CPU.ActiveCfg = Debug|x86
		{5D296689-B4AA-4A7F-A933-4F3311C76B25}.Debug|Any CPU.Build.0 = Debug|x86
		{5D296689-B4AA-4A7F-A933-4F3311C76B25}.Debug|Any CPU.Deploy.0 = Debug|x86
		{5D296689-B4AA-4A7F-A933-4F3311C76B25}.Debug|ARM.ActiveCfg = Debug|ARM
		{5D296689-B4AA-4A7F-A933-4F3311C76B25}.Debug|ARM.Build.0 = Debug|ARM
		{5D296689-B4AA-4A7F-A933-4F3311C76B25}.Debug|ARM.Deploy.0 = Debug|ARM
		{5D296689-B4AA-4A7F-A933-4F3311C76B25}.Debug|iPhone.ActiveCfg = Debug|x86
		{5D296689-B4AA-4A7F-A933-4F3311C76B25}.Debug|iPhoneSimulator.ActiveCfg = Debug|x86
		{5D296689-B4AA-4A7F-A933-4F3311C76B25}.Debug|x64.ActiveCfg = Debug|x64
		{5D296689-B4AA-4A7F-A933-4F3311C76B25}.Debug|x64.Build.0 = Debug|x64
		{5D296689-B4AA-4A7F-A933-4F3311C76B25}.Debug|x64.Deploy.0 = Debug|x64
		{5D296689-B4AA-4A7F-A933-4F3311C76B25}.Debug|x86.ActiveCfg = Debug|x86
		{5D296689-B4AA-4A7F-A933-4F3311C76B25}.Debug|x86.Build.0 = Debug|x86
		{5D296689-B4AA-4A7F-A933-4F3311C76B25}.Debug|x86.Deploy.0 = Debug|x86
		{5D296689-B4AA-4A7F-A933-4F3311C76B25}.Release|Any CPU.ActiveCfg = Release|x86
		{5D296689-B4AA-4A7F-A933-4F3311C76B25}.Release|ARM.ActiveCfg = Release|ARM
		{5D296689-B4AA-4A7F-A933-4F3311C76B25}.Release|ARM.Build.0 = Release|ARM
		{5D296689-B4AA-4A7F-A933-4F3311C76B25}.Release|ARM.Deploy.0 = Release|ARM
		{5D296689-B4AA-4A7F-A933-4F3311C76B25}.Release|iPhone.ActiveCfg = Release|x86
		{5D296689-B4AA-4A7F-A933-4F3311C76B25}.Release|iPhoneSimulator.ActiveCfg = Release|x86
		{5D296689-B4AA-4A7F-A933-4F3311C76B25}.Release|x64.ActiveCfg = Release|x64
		{5D296689-B4AA-4A7F-A933-4F3311C76B25}.Release|x64.Build.0 = Release|x64
		{5D296689-B4AA-4A7F-A933-4F3311C76B25}.Release|x64.Deploy.0 = Release|x64
		{5D296689-B4AA-4A7F-A933-4F3311C76B25}.Release|x86.ActiveCfg = Release|x86
		{5D296689-B4AA-4A7F-A933-4F3311C76B25}.Release|x86.Build.0 = Release|x86
		{5D296689-B4AA-4A7F-A933-4F3311C76B25}.Release|x86.Deploy.0 = Release|x86
		{71E754C2-9D17-4A6C-8E64-1B3227DBB612}.Ad-Hoc|Any CPU.ActiveCfg = Ad-Hoc|iPhone
		{71E754C2-9D17-4A6C-8E64-1B3227DBB612}.Ad-Hoc|ARM.ActiveCfg = Ad-Hoc|iPhone
		{71E754C2-9D17-4A6C-8E64-1B3227DBB612}.Ad-Hoc|iPhone.ActiveCfg = Ad-Hoc|iPhone
		{71E754C2-9D17-4A6C-8E64-1B3227DBB612}.Ad-Hoc|iPhone.Build.0 = Ad-Hoc|iPhone
		{71E754C2-9D17-4A6C-8E64-1B3227DBB612}.Ad-Hoc|iPhoneSimulator.ActiveCfg = Ad-Hoc|iPhoneSimulator
		{71E754C2-9D17-4A6C-8E64-1B3227DBB612}.Ad-Hoc|iPhoneSimulator.Build.0 = Ad-Hoc|iPhoneSimulator
		{71E754C2-9D17-4A6C-8E64-1B3227DBB612}.Ad-Hoc|x64.ActiveCfg = Ad-Hoc|iPhone
		{71E754C2-9D17-4A6C-8E64-1B3227DBB612}.Ad-Hoc|x86.ActiveCfg = Ad-Hoc|iPhone
		{71E754C2-9D17-4A6C-8E64-1B3227DBB612}.AppStore|Any CPU.ActiveCfg = AppStore|iPhone
		{71E754C2-9D17-4A6C-8E64-1B3227DBB612}.AppStore|ARM.ActiveCfg = AppStore|iPhone
		{71E754C2-9D17-4A6C-8E64-1B3227DBB612}.AppStore|iPhone.ActiveCfg = AppStore|iPhone
		{71E754C2-9D17-4A6C-8E64-1B3227DBB612}.AppStore|iPhone.Build.0 = AppStore|iPhone
		{71E754C2-9D17-4A6C-8E64-1B3227DBB612}.AppStore|iPhoneSimulator.ActiveCfg = AppStore|iPhoneSimulator
		{71E754C2-9D17-4A6C-8E64-1B3227DBB612}.AppStore|iPhoneSimulator.Build.0 = AppStore|iPhoneSimulator
		{71E754C2-9D17-4A6C-8E64-1B3227DBB612}.AppStore|x64.ActiveCfg = AppStore|iPhone
		{71E754C2-9D17-4A6C-8E64-1B3227DBB612}.AppStore|x86.ActiveCfg = AppStore|iPhone
		{71E754C2-9D17-4A6C-8E64-1B3227DBB612}.Debug|Any CPU.ActiveCfg = Debug|iPhone
		{71E754C2-9D17-4A6C-8E64-1B3227DBB612}.Debug|ARM.ActiveCfg = Debug|iPhone
		{71E754C2-9D17-4A6C-8E64-1B3227DBB612}.Debug|iPhone.ActiveCfg = Debug|iPhone
		{71E754C2-9D17-4A6C-8E64-1B3227DBB612}.Debug|iPhone.Build.0 = Debug|iPhone
		{71E754C2-9D17-4A6C-8E64-1B3227DBB612}.Debug|iPhoneSimulator.ActiveCfg = Debug|iPhoneSimulator
		{71E754C2-9D17-4A6C-8E64-1B3227DBB612}.Debug|iPhoneSimulator.Build.0 = Debug|iPhoneSimulator
		{71E754C2-9D17-4A6C-8E64-1B3227DBB612}.Debug|x64.ActiveCfg = Debug|iPhone
		{71E754C2-9D17-4A6C-8E64-1B3227DBB612}.Debug|x86.ActiveCfg = Debug|iPhone
		{71E754C2-9D17-4A6C-8E64-1B3227DBB612}.Release|Any CPU.ActiveCfg = Release|iPhone
		{71E754C2-9D17-4A6C-8E64-1B3227DBB612}.Release|ARM.ActiveCfg = Release|iPhone
		{71E754C2-9D17-4A6C-8E64-1B3227DBB612}.Release|iPhone.ActiveCfg = Release|iPhone
		{71E754C2-9D17-4A6C-8E64-1B3227DBB612}.Release|iPhone.Build.0 = Release|iPhone
		{71E754C2-9D17-4A6C-8E64-1B3227DBB612}.Release|iPhoneSimulator.ActiveCfg = Release|iPhoneSimulator
		{71E754C2-9D17-4A6C-8E64-1B3227DBB612}.Release|iPhoneSimulator.Build.0 = Release|iPhoneSimulator
		{71E754C2-9D17-4A6C-8E64-1B3227DBB612}.Release|x64.ActiveCfg = Release|iPhone
		{71E754C2-9D17-4A6C-8E64-1B3227DBB612}.Release|x86.ActiveCfg = Release|iPhone
	EndGlobalSection
	GlobalSection(SolutionProperties) = preSolution
		HideSolutionNode = FALSE
	EndGlobalSection
EndGlobal
